
Microsoft Visual Studio Solution File, Format Version 12.00
# Visual Studio Version 17
VisualStudioVersion = 17.0.31903.59
MinimumVisualStudioVersion = 10.0.40219.1
Project("{FAE04EC0-301F-11D3-BF4B-00C04F79EFBC}") = "FileWrite.Benchmarks", "FileWrite.Benchmarks\FileWrite.Benchmarks.csproj", "{3E708963-7CD6-4260-8821-5EFCB6C6718B}"
EndProject
Project("{FAE04EC0-301F-11D3-BF4B-00C04F79EFBC}") = "FileWrite.FsyncCheckNet8", "FileWrite.FsyncCheckNet8\FileWrite.FsyncCheckNet8.csproj", "{F883B4A5-803B-4CF0-8273-D092BA6B10F8}"
EndProject
Project("{FAE04EC0-301F-11D3-BF4B-00C04F79EFBC}") = "FileWrite.FsyncCheckNet7", "FileWrite.FsyncCheckNet7\FileWrite.FsyncCheckNet7.csproj", "{161DD83D-4D55-45E1-8066-DEF115BC7895}"
EndProject
Project("{FAE04EC0-301F-11D3-BF4B-00C04F79EFBC}") = "FileWrite.DirectoryFsync", "FileWrite.DirectoryFsync\FileWrite.DirectoryFsync.csproj", "{397E34A2-5A94-4445-A442-9831CEB4FBE9}"
EndProject
Global
	GlobalSection(SolutionConfigurationPlatforms) = preSolution
		Debug|Any CPU = Debug|Any CPU
		Release|Any CPU = Release|Any CPU
	EndGlobalSection
	GlobalSection(SolutionProperties) = preSolution
		HideSolutionNode = FALSE
	EndGlobalSection
	GlobalSection(ProjectConfigurationPlatforms) = postSolution
		{3E708963-7CD6-4260-8821-5EFCB6C6718B}.Debug|Any CPU.ActiveCfg = Debug|Any CPU
		{3E708963-7CD6-4260-8821-5EFCB6C6718B}.Debug|Any CPU.Build.0 = Debug|Any CPU
		{3E708963-7CD6-4260-8821-5EFCB6C6718B}.Release|Any CPU.ActiveCfg = Release|Any CPU
		{3E708963-7CD6-4260-8821-5EFCB6C6718B}.Release|Any CPU.Build.0 = Release|Any CPU
		{F883B4A5-803B-4CF0-8273-D092BA6B10F8}.Debug|Any CPU.ActiveCfg = Debug|Any CPU
		{F883B4A5-803B-4CF0-8273-D092BA6B10F8}.Debug|Any CPU.Build.0 = Debug|Any CPU
		{F883B4A5-803B-4CF0-8273-D092BA6B10F8}.Release|Any CPU.ActiveCfg = Release|Any CPU
		{F883B4A5-803B-4CF0-8273-D092BA6B10F8}.Release|Any CPU.Build.0 = Release|Any CPU
		{161DD83D-4D55-45E1-8066-DEF115BC7895}.Debug|Any CPU.ActiveCfg = Debug|Any CPU
		{161DD83D-4D55-45E1-8066-DEF115BC7895}.Debug|Any CPU.Build.0 = Debug|Any CPU
		{161DD83D-4D55-45E1-8066-DEF115BC7895}.Release|Any CPU.ActiveCfg = Release|Any CPU
		{161DD83D-4D55-45E1-8066-DEF115BC7895}.Release|Any CPU.Build.0 = Release|Any CPU
		{397E34A2-5A94-4445-A442-9831CEB4FBE9}.Debug|Any CPU.ActiveCfg = Debug|Any CPU
		{397E34A2-5A94-4445-A442-9831CEB4FBE9}.Debug|Any CPU.Build.0 = Debug|Any CPU
		{397E34A2-5A94-4445-A442-9831CEB4FBE9}.Release|Any CPU.ActiveCfg = Release|Any CPU
		{397E34A2-5A94-4445-A442-9831CEB4FBE9}.Release|Any CPU.Build.0 = Release|Any CPU
	EndGlobalSection
EndGlobal
